
Microsoft Visual Studio Solution File, Format Version 12.00
# Visual Studio Version 16
VisualStudioVersion = 16.0.29709.97
MinimumVisualStudioVersion = 10.0.40219.1
Project("{8BC9CEB8-8B4A-11D0-8D11-00A0C91BC942}") = "nbastats", "nbastats\nbastats.vcxproj", "{1DFADB2A-D80C-4D77-A81A-BE55CE30CD24}"
EndProject
Global
	GlobalSection(SolutionConfigurationPlatforms) = preSolution
		Debug|x64 = Debug|x64
		Debug|x86 = Debug|x86
		Release|x64 = Release|x64
		Release|x86 = Release|x86
	EndGlobalSection
	GlobalSection(ProjectConfigurationPlatforms) = postSolution
		{1DFADB2A-D80C-4D77-A81A-BE55CE30CD24}.Debug|x64.ActiveCfg = Debug|x64
		{1DFADB2A-D80C-4D77-A81A-BE55CE30CD24}.Debug|x64.Build.0 = Debug|x64
		{1DFADB2A-D80C-4D77-A81A-BE55CE30CD24}.Debug|x86.ActiveCfg = Debug|Win32
		{1DFADB2A-D80C-4D77-A81A-BE55CE30CD24}.Debug|x86.Build.0 = Debug|Win32
		{1DFADB2A-D80C-4D77-A81A-BE55CE30CD24}.Release|x64.ActiveCfg = Release|x64
		{1DFADB2A-D80C-4D77-A81A-BE55CE30CD24}.Release|x64.Build.0 = Release|x64
		{1DFADB2A-D80C-4D77-A81A-BE55CE30CD24}.Release|x86.ActiveCfg = Release|Win32
		{1DFADB2A-D80C-4D77-A81A-BE55CE30CD24}.Release|x86.Build.0 = Release|Win32
	EndGlobalSection
	GlobalSection(SolutionProperties) = preSolution
		HideSolutionNode = FALSE
	EndGlobalSection
	GlobalSection(ExtensibilityGlobals) = postSolution
		SolutionGuid = {F8F33A1A-1C38-4446-9D2D-F372CDA91901}
	EndGlobalSection
EndGlobal
